<?xml version="1.0" encoding="utf-8"?>
<Project ToolsVersion="4.0" xmlns="http://schemas.microsoft.com/developer/msbuild/2003">
  <ItemGroup>
    <Filter Include="Source Files">
      <UniqueIdentifier>{4FC737F1-C7A5-4376-A066-2A32D752A2FF}</UniqueIdentifier>
      <Extensions>cpp;c;cc;cxx;c++;cppm;ixx;def;odl;idl;hpj;bat;asm;asmx</Extensions>
    </Filter>
    <Filter Include="Header Files">
      <UniqueIdentifier>{93995380-89BD-4b04-88EB-625FBE52EBFB}</UniqueIdentifier>
      <Extensions>h;hh;hpp;hxx;h++;hm;inl;inc;ipp;xsd</Extensions>
    </Filter>
    <Filter Include="Resource Files">
      <UniqueIdentifier>{67DA6AB6-F800-4c08-8B7A-83BB121AAD01}</UniqueIdentifier>
      <Extensions>rc;ico;cur;bmp;dlg;rc2;rct;bin;rgs;gif;jpg;jpeg;jpe;resx;tiff;tif;png;wav;mfcribbon-ms</Extensions>
    </Filter>
    <Filter Include="Source Files\core">
      <UniqueIdentifier>{8a1e6e9d-5c29-4f5e-9f5e-5e5e5e5e5e01}</UniqueIdentifier>
    </Filter>
    <Filter Include="Source Files\platform">
      <UniqueIdentifier>{8a1e6e9d-5c29-4f5e-9f5e-5e5e5e5e5e02}</UniqueIdentifier>
    </Filter>
    <Filter Include="Header Files\core">
      <UniqueIdentifier>{8a1e6e9d-5c29-4f5e-9f5e-5e5e5e5e5e03}</UniqueIdentifier>
    </Filter>
    <Filter Include="Config">
      <UniqueIdentifier>{8a1e6e9d-5c29-4f5e-9f5e-5e5e5e5e5e04}</UniqueIdentifier>
    </Filter>
  </ItemGroup>
  <ItemGroup>
    <ClCompile Include="main.cpp">
      <Filter>Source Files</Filter>
    </ClCompile>
    <ClCompile Include="core\session_manager.cpp">
      <Filter>Source Files\core</Filter>
    </ClCompile>
    <ClCompile Include="core\process_monitor.cpp">
      <Filter>Source Files\core</Filter>
    </ClCompile>
    <ClCompile Include="core\network_monitor.cpp">
      <Filter>Source Files\core</Filter>
    </ClCompile>
    <ClCompile Include="core\extension_scanner.cpp">
      <Filter>Source Files\core</Filter>
    </ClCompile>
    <ClCompile Include="core\file_monitor.cpp">
      <Filter>Source Files\core</Filter>
    </ClCompile>
    <ClCompile Include="core\risk_engine.cpp">
      <Filter>Source Files\core</Filter>
    </ClCompile>
    <ClCompile Include="core\logger.cpp">
      <Filter>Source Files\core</Filter>
    </ClCompile>
    <ClCompile Include="platform\win32.cpp">
      <Filter>Source Files\platform</Filter>
    </ClCompile>
    <ClCompile Include="core\file_identity.cpp">
      <Filter>Source Files</Filter>
    </ClCompile>
    <ClCompile Include="core\file_neutralizer.cpp">
      <Filter>Source Files</Filter>
    </ClCompile>
    <ClCompile Include="core\prevention_logger.cpp">
      <Filter>Source Files</Filter>
    </ClCompile>
    <ClCompile Include="core\credential_monitor.cpp">
      <Filter>Source Files</Filter>
    </ClCompile>
    <ClCompile Include="core\process_whitelist.cpp">
      <Filter>Source Files</Filter>
    </ClCompile>
  </ItemGroup>
  <ItemGroup>
    <ClInclude Include="core\session_manager.h">
      <Filter>Header Files\core</Filter>
    </ClInclude>
    <ClInclude Include="core\process_monitor.h">
      <Filter>Header Files\core</Filter>
    </ClInclude>
    <ClInclude Include="core\network_monitor.h">
      <Filter>Header Files\core</Filter>
    </ClInclude>
    <ClInclude Include="core\extension_scanner.h">
      <Filter>Header Files\core</Filter>
    </ClInclude>
    <ClInclude Include="core\file_monitor.h">
      <Filter>Header Files\core</Filter>
    </ClInclude>
    <ClInclude Include="core\risk_engine.h">
      <Filter>Header Files\core</Filter>
    </ClInclude>
    <ClInclude Include="core\logger.h">
      <Filter>Header Files\core</Filter>
    </ClInclude>
    <ClInclude Include="core\credential_monitor.h">
      <Filter>Header Files</Filter>
    </ClInclude>
    <ClInclude Include="core\file_identity.h">
      <Filter>Header Files</Filter>
    </ClInclude>
    <ClInclude Include="core\file_neutralizer.h">
      <Filter>Header Files</Filter>
    </ClInclude>
    <ClInclude Include="core\prevention_logger.h">
      <Filter>Header Files</Filter>
    </ClInclude>
    <ClInclude Include="core\process_whitelist.h">
      <Filter>Header Files</Filter>
    </ClInclude>
    <ClInclude Include="core\threat_detector.h">
      <Filter>Header Files</Filter>
    </ClInclude>
    <ClInclude Include="core\monitoring_threads.h">
      <Filter>Header Files</Filter>
    </ClInclude>
  </ItemGroup>
  <ItemGroup>
    <None Include="config\argus.json">
      <Filter>Config</Filter>
    </None>
    <None Include="README.md" />
    <None Include="run_argus.bat">
      <Filter>Source Files</Filter>
    </None>
    <None Include=".gitignore" />
    <None Include="config\process_whitelist.json" />
  </ItemGroup>
</Project>